
Microsoft Visual Studio Solution File, Format Version 12.00
# Visual Studio Version 16
VisualStudioVersion = 16.0.29306.81
MinimumVisualStudioVersion = 10.0.40219.1
Project("{9A19103F-16F7-4668-BE54-9A1E7A4F7556}") = "PasswordGenerator", "PasswordGenerator\PasswordGenerator.csproj", "{A7BCE4D1-0A98-42AA-8FB1-A52787C42C0A}"
EndProject
Project("{FAE04EC0-301F-11D3-BF4B-00C04F79EFBC}") = "PasswordGeneratorTests", "PasswordGeneratorTests\PasswordGeneratorTests.csproj", "{80CA45D9-AD8F-446B-AE3E-EFCF81D79008}"
EndProject
Global
	GlobalSection(SolutionConfigurationPlatforms) = preSolution
		Debug|Any CPU = Debug|Any CPU
		Release|Any CPU = Release|Any CPU
	EndGlobalSection
	GlobalSection(ProjectConfigurationPlatforms) = postSolution
		{A7BCE4D1-0A98-42AA-8FB1-A52787C42C0A}.Debug|Any CPU.ActiveCfg = Debug|Any CPU
		{A7BCE4D1-0A98-42AA-8FB1-A52787C42C0A}.Debug|Any CPU.Build.0 = Debug|Any CPU
		{A7BCE4D1-0A98-42AA-8FB1-A52787C42C0A}.Release|Any CPU.ActiveCfg = Release|Any CPU
		{A7BCE4D1-0A98-42AA-8FB1-A52787C42C0A}.Release|Any CPU.Build.0 = Release|Any CPU
		{80CA45D9-AD8F-446B-AE3E-EFCF81D79008}.Debug|Any CPU.ActiveCfg = Debug|Any CPU
		{80CA45D9-AD8F-446B-AE3E-EFCF81D79008}.Debug|Any CPU.Build.0 = Debug|Any CPU
		{80CA45D9-AD8F-446B-AE3E-EFCF81D79008}.Release|Any CPU.ActiveCfg = Release|Any CPU
		{80CA45D9-AD8F-446B-AE3E-EFCF81D79008}.Release|Any CPU.Build.0 = Release|Any CPU
	EndGlobalSection
	GlobalSection(SolutionProperties) = preSolution
		HideSolutionNode = FALSE
	EndGlobalSection
	GlobalSection(ExtensibilityGlobals) = postSolution
		SolutionGuid = {B7C087F3-623D-4820-8653-3B0B66765308}
	EndGlobalSection
EndGlobal
